
Microsoft Visual Studio Solution File, Format Version 12.00
# Visual Studio 15
VisualStudioVersion = 15.0.28010.2016
MinimumVisualStudioVersion = 10.0.40219.1
Project("{FAE04EC0-301F-11D3-BF4B-00C04F79EFBC}") = "Pretty Hair - Kvalitet", "Pretty Hair - Kvalitet\Pretty Hair - Kvalitet.csproj", "{C1F2E20E-F8A5-457D-A5C1-C19300806457}"
EndProject
Global
	GlobalSection(SolutionConfigurationPlatforms) = preSolution
		Debug|Any CPU = Debug|Any CPU
		Release|Any CPU = Release|Any CPU
	EndGlobalSection
	GlobalSection(ProjectConfigurationPlatforms) = postSolution
		{C1F2E20E-F8A5-457D-A5C1-C19300806457}.Debug|Any CPU.ActiveCfg = Debug|Any CPU
		{C1F2E20E-F8A5-457D-A5C1-C19300806457}.Debug|Any CPU.Build.0 = Debug|Any CPU
		{C1F2E20E-F8A5-457D-A5C1-C19300806457}.Release|Any CPU.ActiveCfg = Release|Any CPU
		{C1F2E20E-F8A5-457D-A5C1-C19300806457}.Release|Any CPU.Build.0 = Release|Any CPU
	EndGlobalSection
	GlobalSection(SolutionProperties) = preSolution
		HideSolutionNode = FALSE
	EndGlobalSection
	GlobalSection(ExtensibilityGlobals) = postSolution
		SolutionGuid = {7C8E2981-A450-4770-8C5B-D48EF7D8A33C}
	EndGlobalSection
EndGlobal
